
Microsoft Visual Studio Solution File, Format Version 12.00
# Visual Studio Version 16
VisualStudioVersion = 16.0.30114.105
MinimumVisualStudioVersion = 10.0.40219.1
Project("{2150E333-8FDC-42A3-9474-1A3956D46DE8}") = "src", "src", "{CF4B0D02-20B3-4195-BF48-6C406CEBAE53}"
EndProject
Project("{FAE04EC0-301F-11D3-BF4B-00C04F79EFBC}") = "CommandAPI", "src\CommandAPI\CommandAPI.csproj", "{AEBC0980-2D16-4A46-98B4-4013153AD512}"
EndProject
Project("{2150E333-8FDC-42A3-9474-1A3956D46DE8}") = "test", "test", "{D685B2E2-668C-48AB-A8C7-85A608541C6D}"
EndProject
Project("{FAE04EC0-301F-11D3-BF4B-00C04F79EFBC}") = "CommandAPI.Tests", "test\CommandAPI.Tests\CommandAPI.Tests.csproj", "{EF0E2CB1-33B1-42A8-A3CB-F2A469D80E44}"
EndProject
Global
	GlobalSection(SolutionConfigurationPlatforms) = preSolution
		Debug|Any CPU = Debug|Any CPU
		Debug|x64 = Debug|x64
		Debug|x86 = Debug|x86
		Release|Any CPU = Release|Any CPU
		Release|x64 = Release|x64
		Release|x86 = Release|x86
	EndGlobalSection
	GlobalSection(SolutionProperties) = preSolution
		HideSolutionNode = FALSE
	EndGlobalSection
	GlobalSection(ProjectConfigurationPlatforms) = postSolution
		{AEBC0980-2D16-4A46-98B4-4013153AD512}.Debug|Any CPU.ActiveCfg = Debug|Any CPU
		{AEBC0980-2D16-4A46-98B4-4013153AD512}.Debug|Any CPU.Build.0 = Debug|Any CPU
		{AEBC0980-2D16-4A46-98B4-4013153AD512}.Debug|x64.ActiveCfg = Debug|Any CPU
		{AEBC0980-2D16-4A46-98B4-4013153AD512}.Debug|x64.Build.0 = Debug|Any CPU
		{AEBC0980-2D16-4A46-98B4-4013153AD512}.Debug|x86.ActiveCfg = Debug|Any CPU
		{AEBC0980-2D16-4A46-98B4-4013153AD512}.Debug|x86.Build.0 = Debug|Any CPU
		{AEBC0980-2D16-4A46-98B4-4013153AD512}.Release|Any CPU.ActiveCfg = Release|Any CPU
		{AEBC0980-2D16-4A46-98B4-4013153AD512}.Release|Any CPU.Build.0 = Release|Any CPU
		{AEBC0980-2D16-4A46-98B4-4013153AD512}.Release|x64.ActiveCfg = Release|Any CPU
		{AEBC0980-2D16-4A46-98B4-4013153AD512}.Release|x64.Build.0 = Release|Any CPU
		{AEBC0980-2D16-4A46-98B4-4013153AD512}.Release|x86.ActiveCfg = Release|Any CPU
		{AEBC0980-2D16-4A46-98B4-4013153AD512}.Release|x86.Build.0 = Release|Any CPU
		{EF0E2CB1-33B1-42A8-A3CB-F2A469D80E44}.Debug|Any CPU.ActiveCfg = Debug|Any CPU
		{EF0E2CB1-33B1-42A8-A3CB-F2A469D80E44}.Debug|Any CPU.Build.0 = Debug|Any CPU
		{EF0E2CB1-33B1-42A8-A3CB-F2A469D80E44}.Debug|x64.ActiveCfg = Debug|Any CPU
		{EF0E2CB1-33B1-42A8-A3CB-F2A469D80E44}.Debug|x64.Build.0 = Debug|Any CPU
		{EF0E2CB1-33B1-42A8-A3CB-F2A469D80E44}.Debug|x86.ActiveCfg = Debug|Any CPU
		{EF0E2CB1-33B1-42A8-A3CB-F2A469D80E44}.Debug|x86.Build.0 = Debug|Any CPU
		{EF0E2CB1-33B1-42A8-A3CB-F2A469D80E44}.Release|Any CPU.ActiveCfg = Release|Any CPU
		{EF0E2CB1-33B1-42A8-A3CB-F2A469D80E44}.Release|Any CPU.Build.0 = Release|Any CPU
		{EF0E2CB1-33B1-42A8-A3CB-F2A469D80E44}.Release|x64.ActiveCfg = Release|Any CPU
		{EF0E2CB1-33B1-42A8-A3CB-F2A469D80E44}.Release|x64.Build.0 = Release|Any CPU
		{EF0E2CB1-33B1-42A8-A3CB-F2A469D80E44}.Release|x86.ActiveCfg = Release|Any CPU
		{EF0E2CB1-33B1-42A8-A3CB-F2A469D80E44}.Release|x86.Build.0 = Release|Any CPU
	EndGlobalSection
	GlobalSection(NestedProjects) = preSolution
		{AEBC0980-2D16-4A46-98B4-4013153AD512} = {CF4B0D02-20B3-4195-BF48-6C406CEBAE53}
		{EF0E2CB1-33B1-42A8-A3CB-F2A469D80E44} = {D685B2E2-668C-48AB-A8C7-85A608541C6D}
	EndGlobalSection
EndGlobal
